
Microsoft Visual Studio Solution File, Format Version 12.00
# Visual Studio Version 17
VisualStudioVersion = 17.7.34003.232
MinimumVisualStudioVersion = 10.0.40219.1
Project("{2150E333-8FDC-42A3-9474-1A3956D46DE8}") = "configuration", "configuration", "{6B27041A-D19D-4042-A173-0197A39B4C35}"
	ProjectSection(SolutionItems) = preProject
		configuration\Directory.Build.props = configuration\Directory.Build.props
	EndProjectSection
EndProject
Project("{2150E333-8FDC-42A3-9474-1A3956D46DE8}") = "main", "main", "{4B6B10EF-2006-40DE-B30E-1742BA4D404F}"
	ProjectSection(SolutionItems) = preProject
		dbschema-version-contributors\main\Directory.Build.props = dbschema-version-contributors\main\Directory.Build.props
		dbschema-version-contributors\main\Directory.Build.targets = dbschema-version-contributors\main\Directory.Build.targets
	EndProjectSection
EndProject
Project("{13B669BE-BB05-4DDF-9536-439F39A36129}") = "build", "configuration\build\build.msbuildproj", "{487D26B5-8E76-497D-8361-F8A5F3F50BC2}"
EndProject
Project("{13B669BE-BB05-4DDF-9536-439F39A36129}") = "globals", "configuration\globals\globals.msbuildproj", "{81D577EA-B516-4413-A859-42D4D91C4721}"
EndProject
Project("{9A19103F-16F7-4668-BE54-9A1E7A4F7556}") = "DbSchema.Version.Contributors", "dbschema-version-contributors\main\DbSchema.Version.Contributors\DbSchema.Version.Contributors.csproj", "{F6B30F1B-460C-42E9-ACA6-F81DCEB3FBE9}"
EndProject
Project("{13B669BE-BB05-4DDF-9536-439F39A36129}") = "docs", "configuration\docs\docs.msbuildproj", "{3C694B2B-ACDA-46BA-9DB2-E035EC830C25}"
EndProject
Project("{2150E333-8FDC-42A3-9474-1A3956D46DE8}") = "test", "test", "{BC77E988-8121-476B-A2B8-B26E121BC2A5}"
	ProjectSection(SolutionItems) = preProject
		dbschema-version-contributors\test\Directory.Build.props = dbschema-version-contributors\test\Directory.Build.props
	EndProjectSection
EndProject
Project("{9A19103F-16F7-4668-BE54-9A1E7A4F7556}") = "DbSchema.Version.Contributors.UnitTests", "dbschema-version-contributors\test\DbSchema.Version.Contributors.UnitTests\DbSchema.Version.Contributors.UnitTests.csproj", "{9779714F-21CA-4412-9912-3396AA8107DE}"
EndProject
Global
	GlobalSection(SolutionConfigurationPlatforms) = preSolution
		Debug|Any CPU = Debug|Any CPU
		Release|Any CPU = Release|Any CPU
	EndGlobalSection
	GlobalSection(ProjectConfigurationPlatforms) = postSolution
		{487D26B5-8E76-497D-8361-F8A5F3F50BC2}.Debug|Any CPU.ActiveCfg = Debug|Any CPU
		{487D26B5-8E76-497D-8361-F8A5F3F50BC2}.Debug|Any CPU.Build.0 = Debug|Any CPU
		{487D26B5-8E76-497D-8361-F8A5F3F50BC2}.Release|Any CPU.ActiveCfg = Release|Any CPU
		{487D26B5-8E76-497D-8361-F8A5F3F50BC2}.Release|Any CPU.Build.0 = Release|Any CPU
		{81D577EA-B516-4413-A859-42D4D91C4721}.Debug|Any CPU.ActiveCfg = Debug|Any CPU
		{81D577EA-B516-4413-A859-42D4D91C4721}.Debug|Any CPU.Build.0 = Debug|Any CPU
		{81D577EA-B516-4413-A859-42D4D91C4721}.Release|Any CPU.ActiveCfg = Release|Any CPU
		{81D577EA-B516-4413-A859-42D4D91C4721}.Release|Any CPU.Build.0 = Release|Any CPU
		{F6B30F1B-460C-42E9-ACA6-F81DCEB3FBE9}.Debug|Any CPU.ActiveCfg = Debug|Any CPU
		{F6B30F1B-460C-42E9-ACA6-F81DCEB3FBE9}.Debug|Any CPU.Build.0 = Debug|Any CPU
		{F6B30F1B-460C-42E9-ACA6-F81DCEB3FBE9}.Release|Any CPU.ActiveCfg = Release|Any CPU
		{F6B30F1B-460C-42E9-ACA6-F81DCEB3FBE9}.Release|Any CPU.Build.0 = Release|Any CPU
		{3C694B2B-ACDA-46BA-9DB2-E035EC830C25}.Debug|Any CPU.ActiveCfg = Debug|Any CPU
		{3C694B2B-ACDA-46BA-9DB2-E035EC830C25}.Debug|Any CPU.Build.0 = Debug|Any CPU
		{3C694B2B-ACDA-46BA-9DB2-E035EC830C25}.Release|Any CPU.ActiveCfg = Release|Any CPU
		{3C694B2B-ACDA-46BA-9DB2-E035EC830C25}.Release|Any CPU.Build.0 = Release|Any CPU
		{9779714F-21CA-4412-9912-3396AA8107DE}.Debug|Any CPU.ActiveCfg = Debug|Any CPU
		{9779714F-21CA-4412-9912-3396AA8107DE}.Debug|Any CPU.Build.0 = Debug|Any CPU
		{9779714F-21CA-4412-9912-3396AA8107DE}.Release|Any CPU.ActiveCfg = Release|Any CPU
		{9779714F-21CA-4412-9912-3396AA8107DE}.Release|Any CPU.Build.0 = Release|Any CPU
	EndGlobalSection
	GlobalSection(SolutionProperties) = preSolution
		HideSolutionNode = FALSE
	EndGlobalSection
	GlobalSection(NestedProjects) = preSolution
		{487D26B5-8E76-497D-8361-F8A5F3F50BC2} = {6B27041A-D19D-4042-A173-0197A39B4C35}
		{81D577EA-B516-4413-A859-42D4D91C4721} = {6B27041A-D19D-4042-A173-0197A39B4C35}
		{F6B30F1B-460C-42E9-ACA6-F81DCEB3FBE9} = {4B6B10EF-2006-40DE-B30E-1742BA4D404F}
		{3C694B2B-ACDA-46BA-9DB2-E035EC830C25} = {6B27041A-D19D-4042-A173-0197A39B4C35}
		{9779714F-21CA-4412-9912-3396AA8107DE} = {BC77E988-8121-476B-A2B8-B26E121BC2A5}
	EndGlobalSection
	GlobalSection(ExtensibilityGlobals) = postSolution
		SolutionGuid = {659F9C1D-8D78-4837-864A-EA6176074DE5}
	EndGlobalSection
EndGlobal
