
Microsoft Visual Studio Solution File, Format Version 12.00
# Visual Studio Version 17
VisualStudioVersion = 17.7.34003.232
MinimumVisualStudioVersion = 10.0.40219.1
Project("{2150E333-8FDC-42A3-9474-1A3956D46DE8}") = "main", "main", "{C8A0D656-9263-4740-9B70-6614B263C1B2}"
EndProject
Project("{2150E333-8FDC-42A3-9474-1A3956D46DE8}") = "test", "test", "{C1B65A81-9BCA-40A5-8FA9-1F3B4AF401BA}"
EndProject
Project("{2150E333-8FDC-42A3-9474-1A3956D46DE8}") = "configuration", "configuration", "{5DBDC61A-DA1A-40AE-B376-134FDF0BD8FA}"
EndProject
Project("{13B669BE-BB05-4DDF-9536-439F39A36129}") = "build", "configuration\build\build.msbuildproj", "{A12262D3-EAD0-4C29-8FA8-580B1FD866CC}"
EndProject
Project("{13B669BE-BB05-4DDF-9536-439F39A36129}") = "docs", "configuration\docs\docs.msbuildproj", "{4F5FADFE-04FB-4E21-8659-122023FB4122}"
EndProject
Project("{13B669BE-BB05-4DDF-9536-439F39A36129}") = "globals", "configuration\globals\globals.msbuildproj", "{338B0482-5DFB-4DD0-A593-142A58ACEDD9}"
EndProject
Project("{00D1A9C2-B5F0-4AF3-8072-F6C62B433612}") = "Application.Schema.Template", "dbschema-version-consumer\main\Application.Schema.Template\Application.Schema.Template.sqlproj", "{49265350-0275-4074-8B02-717B91132C30}"
EndProject
Project("{13B669BE-BB05-4DDF-9536-439F39A36129}") = "DbSchema.Version.Consumer.UnitTests", "dbschema-version-consumer\test\DbSchema.Version.Consumer.UnitTests\DbSchema.Version.Consumer.UnitTests.msbuildproj", "{82C98C24-5B33-4795-ABFE-A558299C29A4}"
EndProject
Global
	GlobalSection(SolutionConfigurationPlatforms) = preSolution
		Debug|Any CPU = Debug|Any CPU
		Release|Any CPU = Release|Any CPU
	EndGlobalSection
	GlobalSection(ProjectConfigurationPlatforms) = postSolution
		{A12262D3-EAD0-4C29-8FA8-580B1FD866CC}.Debug|Any CPU.ActiveCfg = Debug|Any CPU
		{A12262D3-EAD0-4C29-8FA8-580B1FD866CC}.Debug|Any CPU.Build.0 = Debug|Any CPU
		{A12262D3-EAD0-4C29-8FA8-580B1FD866CC}.Release|Any CPU.ActiveCfg = Release|Any CPU
		{A12262D3-EAD0-4C29-8FA8-580B1FD866CC}.Release|Any CPU.Build.0 = Release|Any CPU
		{4F5FADFE-04FB-4E21-8659-122023FB4122}.Debug|Any CPU.ActiveCfg = Debug|Any CPU
		{4F5FADFE-04FB-4E21-8659-122023FB4122}.Debug|Any CPU.Build.0 = Debug|Any CPU
		{4F5FADFE-04FB-4E21-8659-122023FB4122}.Release|Any CPU.ActiveCfg = Release|Any CPU
		{4F5FADFE-04FB-4E21-8659-122023FB4122}.Release|Any CPU.Build.0 = Release|Any CPU
		{338B0482-5DFB-4DD0-A593-142A58ACEDD9}.Debug|Any CPU.ActiveCfg = Debug|Any CPU
		{338B0482-5DFB-4DD0-A593-142A58ACEDD9}.Debug|Any CPU.Build.0 = Debug|Any CPU
		{338B0482-5DFB-4DD0-A593-142A58ACEDD9}.Release|Any CPU.ActiveCfg = Release|Any CPU
		{338B0482-5DFB-4DD0-A593-142A58ACEDD9}.Release|Any CPU.Build.0 = Release|Any CPU
		{49265350-0275-4074-8B02-717B91132C30}.Debug|Any CPU.ActiveCfg = Debug|Any CPU
		{49265350-0275-4074-8B02-717B91132C30}.Debug|Any CPU.Build.0 = Debug|Any CPU
		{49265350-0275-4074-8B02-717B91132C30}.Debug|Any CPU.Deploy.0 = Debug|Any CPU
		{49265350-0275-4074-8B02-717B91132C30}.Release|Any CPU.ActiveCfg = Release|Any CPU
		{49265350-0275-4074-8B02-717B91132C30}.Release|Any CPU.Build.0 = Release|Any CPU
		{49265350-0275-4074-8B02-717B91132C30}.Release|Any CPU.Deploy.0 = Release|Any CPU
		{82C98C24-5B33-4795-ABFE-A558299C29A4}.Debug|Any CPU.ActiveCfg = Debug|Any CPU
		{82C98C24-5B33-4795-ABFE-A558299C29A4}.Debug|Any CPU.Build.0 = Debug|Any CPU
		{82C98C24-5B33-4795-ABFE-A558299C29A4}.Release|Any CPU.ActiveCfg = Release|Any CPU
		{82C98C24-5B33-4795-ABFE-A558299C29A4}.Release|Any CPU.Build.0 = Release|Any CPU
	EndGlobalSection
	GlobalSection(SolutionProperties) = preSolution
		HideSolutionNode = FALSE
	EndGlobalSection
	GlobalSection(NestedProjects) = preSolution
		{A12262D3-EAD0-4C29-8FA8-580B1FD866CC} = {5DBDC61A-DA1A-40AE-B376-134FDF0BD8FA}
		{4F5FADFE-04FB-4E21-8659-122023FB4122} = {5DBDC61A-DA1A-40AE-B376-134FDF0BD8FA}
		{338B0482-5DFB-4DD0-A593-142A58ACEDD9} = {5DBDC61A-DA1A-40AE-B376-134FDF0BD8FA}
		{49265350-0275-4074-8B02-717B91132C30} = {C8A0D656-9263-4740-9B70-6614B263C1B2}
		{82C98C24-5B33-4795-ABFE-A558299C29A4} = {C1B65A81-9BCA-40A5-8FA9-1F3B4AF401BA}
	EndGlobalSection
	GlobalSection(ExtensibilityGlobals) = postSolution
		SolutionGuid = {1E678044-76A8-46FA-B14F-27B227BD8162}
	EndGlobalSection
EndGlobal
